// !$*UTF8*$!
{
	archiveVersion = 1;
	classes = {
	};
	objectVersion = 46;
	objects = {

/* Begin PBXBuildFile section */
		659713A51D2F7EBB0082738D /* main.m in Sources */ = {isa = PBXBuildFile; fileRef = 659713A41D2F7EBB0082738D /* main.m */; };
		659713A81D2F7EBB0082738D /* AppDelegate.m in Sources */ = {isa = PBXBuildFile; fileRef = 659713A71D2F7EBB0082738D /* AppDelegate.m */; };
		659713AB1D2F7EBB0082738D /* ViewController.m in Sources */ = {isa = PBXBuildFile; fileRef = 659713AA1D2F7EBB0082738D /* ViewController.m */; };
		659713AE1D2F7EBB0082738D /* Main.storyboard in Resources */ = {isa = PBXBuildFile; fileRef = 659713AC1D2F7EBB0082738D /* Main.storyboard */; };
		659713B01D2F7EBB0082738D /* Assets.xcassets in Resources */ = {isa = PBXBuildFile; fileRef = 659713AF1D2F7EBB0082738D /* Assets.xcassets */; };
		659713B31D2F7EBB0082738D /* LaunchScreen.storyboard in Resources */ = {isa = PBXBuildFile; fileRef = 659713B11D2F7EBB0082738D /* LaunchScreen.storyboard */; };
		7EB9B2DA9C8E8499EA3AD3F7 /* libPods-testKeyChain.a in Frameworks */ = {isa = PBXBuildFile; fileRef = 4CFE73052509691F37554DC8 /* libPods-testKeyChain.a */; };
/* End PBXBuildFile section */

/* Begin PBXFileReference section */
		0AECC82189D2196CD82E810A /* Pods-testKeyChain.release.xcconfig */ = {isa = PBXFileReference; includeInIndex = 1; lastKnownFileType = text.xcconfig; name = "Pods-testKeyChain.release.xcconfig"; path = "Pods/Target Support Files/Pods-testKeyChain/Pods-testKeyChain.release.xcconfig"; sourceTree = "<group>"; };
		4CFE73052509691F37554DC8 /* libPods-testKeyChain.a */ = {isa = PBXFileReference; explicitFileType = archive.ar; includeInIndex = 0; path = "libPods-testKeyChain.a"; sourceTree = BUILT_PRODUCTS_DIR; };
		659713A01D2F7EBB0082738D /* testKeyChain.app */ = {isa = PBXFileReference; explicitFileType = wrapper.application; includeInIndex = 0; path = testKeyChain.app; sourceTree = BUILT_PRODUCTS_DIR; };
		659713A41D2F7EBB0082738D /* main.m */ = {isa = PBXFileReference; lastKnownFileType = sourcecode.c.objc; path = main.m; sourceTree = "<group>"; };
		659713A61D2F7EBB0082738D /* AppDelegate.h */ = {isa = PBXFileReference; lastKnownFileType = sourcecode.c.h; path = AppDelegate.h; sourceTree = "<group>"; };
		659713A71D2F7EBB0082738D /* AppDelegate.m */ = {isa = PBXFileReference; lastKnownFileType = sourcecode.c.objc; path = AppDelegate.m; sourceTree = "<group>"; };
		659713A91D2F7EBB0082738D /* ViewController.h */ = {isa = PBXFileReference; lastKnownFileType = sourcecode.c.h; path = ViewController.h; sourceTree = "<group>"; };
		659713AA1D2F7EBB0082738D /* ViewController.m */ = {isa = PBXFileReference; lastKnownFileType = sourcecode.c.objc; path = ViewController.m; sourceTree = "<group>"; };
		659713AD1D2F7EBB0082738D /* Base */ = {isa = PBXFileReference; lastKnownFileType = file.storyboard; name = Base; path = Base.lproj/Main.storyboard; sourceTree = "<group>"; };
		659713AF1D2F7EBB0082738D /* Assets.xcassets */ = {isa = PBXFileReference; lastKnownFileType = folder.assetcatalog; path = Assets.xcassets; sourceTree = "<group>"; };
		659713B21D2F7EBB0082738D /* Base */ = {isa = PBXFileReference; lastKnownFileType = file.storyboard; name = Base; path = Base.lproj/LaunchScreen.storyboard; sourceTree = "<group>"; };
		659713B41D2F7EBB0082738D /* Info.plist */ = {isa = PBXFileReference; lastKnownFileType = text.plist.xml; path = Info.plist; sourceTree = "<group>"; };
		659713BA1D2F87530082738D /* testKeyChain.entitlements */ = {isa = PBXFileReference; lastKnownFileType = text.xml; path = testKeyChain.entitlements; sourceTree = "<group>"; };
		94CF0C247D8F9C607A61B055 /* Pods-testKeyChain.debug.xcconfig */ = {isa = PBXFileReference; includeInIndex = 1; lastKnownFileType = text.xcconfig; name = "Pods-testKeyChain.debug.xcconfig"; path = "Pods/Target Support Files/Pods-testKeyChain/Pods-testKeyChain.debug.xcconfig"; sourceTree = "<group>"; };
/* End PBXFileReference section */

/* Begin PBXFrameworksBuildPhase section */
		6597139D1D2F7EBB0082738D /* Frameworks */ = {
			isa = PBXFrameworksBuildPhase;
			buildActionMask = 2147483647;
			files = (
				7EB9B2DA9C8E8499EA3AD3F7 /* libPods-testKeyChain.a in Frameworks */,
			);
			runOnlyForDeploymentPostprocessing = 0;
		};
/* End PBXFrameworksBuildPhase section */

/* Begin PBXGroup section */
		4956A3678E9EEFC08B4BF106 /* Pods */ = {
			isa = PBXGroup;
			children = (
				94CF0C247D8F9C607A61B055 /* Pods-testKeyChain.debug.xcconfig */,
				0AECC82189D2196CD82E810A /* Pods-testKeyChain.release.xcconfig */,
			);
			name = Pods;
			sourceTree = "<group>";
		};
		659713971D2F7EBB0082738D = {
			isa = PBXGroup;
			children = (
				659713A21D2F7EBB0082738D /* testKeyChain */,
				659713A11D2F7EBB0082738D /* Products */,
				4956A3678E9EEFC08B4BF106 /* Pods */,
				E6A5C88D894582074712DE25 /* Frameworks */,
			);
			sourceTree = "<group>";
		};
		659713A11D2F7EBB0082738D /* Products */ = {
			isa = PBXGroup;
			children = (
				659713A01D2F7EBB0082738D /* testKeyChain.app */,
			);
			name = Products;
			sourceTree = "<group>";
		};
		659713A21D2F7EBB0082738D /* testKeyChain */ = {
			isa = PBXGroup;
			children = (
				659713BA1D2F87530082738D /* testKeyChain.entitlements */,
				659713A61D2F7EBB0082738D /* AppDelegate.h */,
				659713A71D2F7EBB0082738D /* AppDelegate.m */,
				659713A91D2F7EBB0082738D /* ViewController.h */,
				659713AA1D2F7EBB0082738D /* ViewController.m */,
				659713AC1D2F7EBB0082738D /* Main.storyboard */,
				659713AF1D2F7EBB0082738D /* Assets.xcassets */,
				659713B11D2F7EBB0082738D /* LaunchScreen.storyboard */,
				659713B41D2F7EBB0082738D /* Info.plist */,
				659713A31D2F7EBB0082738D /* Supporting Files */,
			);
			path = testKeyChain;
			sourceTree = "<group>";
		};
		659713A31D2F7EBB0082738D /* Supporting Files */ = {
			isa = PBXGroup;
			children = (
				659713A41D2F7EBB0082738D /* main.m */,
			);
			name = "Supporting Files";
			sourceTree = "<group>";
		};
		E6A5C88D894582074712DE25 /* Frameworks */ = {
			isa = PBXGroup;
			children = (
				4CFE73052509691F37554DC8 /* libPods-testKeyChain.a */,
			);
			name = Frameworks;
			sourceTree = "<group>";
		};
/* End PBXGroup section */

/* Begin PBXNativeTarget section */
		6597139F1D2F7EBB0082738D /* testKeyChain */ = {
			isa = PBXNativeTarget;
			buildConfigurationList = 659713B71D2F7EBB0082738D /* Build configuration list for PBXNativeTarget "testKeyChain" */;
			buildPhases = (
				868D1C1F57726DE99FAEE4AB /* [CP] Check Pods Manifest.lock */,
				6597139C1D2F7EBB0082738D /* Sources */,
				6597139D1D2F7EBB0082738D /* Frameworks */,
				6597139E1D2F7EBB0082738D /* Resources */,
				A05EFF4CC6FFD5B7CC18EE4A /* [CP] Embed Pods Frameworks */,
				BBBD61CB1A4D8580CE23AC98 /* [CP] Copy Pods Resources */,
			);
			buildRules = (
			);
			dependencies = (
			);
			name = testKeyChain;
			productName = testKeyChain;
			productReference = 659713A01D2F7EBB0082738D /* testKeyChain.app */;
			productType = "com.apple.product-type.application";
		};
/* End PBXNativeTarget section */

/* Begin PBXProject section */
		659713981D2F7EBB0082738D /* Project object */ = {
			isa = PBXProject;
			attributes = {
				LastUpgradeCheck = 0730;
				ORGANIZATIONNAME = liuyizhi;
				TargetAttributes = {
					6597139F1D2F7EBB0082738D = {
						CreatedOnToolsVersion = 7.3.1;
						DevelopmentTeam = K24Y3ZEWRA;
						SystemCapabilities = {
							com.apple.Keychain = {
								enabled = 1;
							};
						};
					};
				};
			};
			buildConfigurationList = 6597139B1D2F7EBB0082738D /* Build configuration list for PBXProject "testKeyChain" */;
			compatibilityVersion = "Xcode 3.2";
			developmentRegion = English;
			hasScannedForEncodings = 0;
			knownRegions = (
				en,
				Base,
			);
			mainGroup = 659713971D2F7EBB0082738D;
			productRefGroup = 659713A11D2F7EBB0082738D /* Products */;
			projectDirPath = "";
			projectRoot = "";
			targets = (
				6597139F1D2F7EBB0082738D /* testKeyChain */,
			);
		};
/* End PBXProject section */

/* Begin PBXResourcesBuildPhase section */
		6597139E1D2F7EBB0082738D /* Resources */ = {
			isa = PBXResourcesBuildPhase;
			buildActionMask = 2147483647;
			files = (
				659713B31D2F7EBB0082738D /* LaunchScreen.storyboard in Resources */,
				659713B01D2F7EBB0082738D /* Assets.xcassets in Resources */,
				659713AE1D2F7EBB0082738D /* Main.storyboard in Resources */,
			);
			runOnlyForDeploymentPostprocessing = 0;
		};
/* End PBXResourcesBuildPhase section */

/* Begin PBXShellScriptBuildPhase section */
		868D1C1F57726DE99FAEE4AB /* [CP] Check Pods Manifest.lock */ = {
			isa = PBXShellScriptBuildPhase;
			buildActionMask = 2147483647;
			files = (
			);
			inputPaths = (
			);
			name = "[CP] Check Pods Manifest.lock";
			outputPaths = (
			);
			runOnlyForDeploymentPostprocessing = 0;
			shellPath = /bin/sh;
			shellScript = "diff \"${PODS_ROOT}/../Podfile.lock\" \"${PODS_ROOT}/Manifest.lock\" > /dev/null\nif [[ $? != 0 ]] ; then\n    cat << EOM\nerror: The sandbox is not in sync with the Podfile.lock. Run 'pod install' or update your CocoaPods installation.\nEOM\n    exit 1\nfi\n";
			showEnvVarsInLog = 0;
		};
		A05EFF4CC6FFD5B7CC18EE4A /* [CP] Embed Pods Frameworks */ = {
			isa = PBXShellScriptBuildPhase;
			buildActionMask = 2147483647;
			files = (
			);
			inputPaths = (
			);
			name = "[CP] Embed Pods Frameworks";
			outputPaths = (
			);
			runOnlyForDeploymentPostprocessing = 0;
			shellPath = /bin/sh;
			shellScript = "\"${SRCROOT}/Pods/Target Support Files/Pods-testKeyChain/Pods-testKeyChain-frameworks.sh\"\n";
			showEnvVarsInLog = 0;
		};
		BBBD61CB1A4D8580CE23AC98 /* [CP] Copy Pods Resources */ = {
			isa = PBXShellScriptBuildPhase;
			buildActionMask = 2147483647;
			files = (
			);
			inputPaths = (
			);
			name = "[CP] Copy Pods Resources";
			outputPaths = (
			);
			runOnlyForDeploymentPostprocessing = 0;
			shellPath = /bin/sh;
			shellScript = "\"${SRCROOT}/Pods/Target Support Files/Pods-testKeyChain/Pods-testKeyChain-resources.sh\"\n";
			showEnvVarsInLog = 0;
		};
/* End PBXShellScriptBuildPhase section */

/* Begin PBXSourcesBuildPhase section */
		6597139C1D2F7EBB0082738D /* Sources */ = {
			isa = PBXSourcesBuildPhase;
			buildActionMask = 2147483647;
			files = (
				659713AB1D2F7EBB0082738D /* ViewController.m in Sources */,
				659713A81D2F7EBB0082738D /* AppDelegate.m in Sources */,
				659713A51D2F7EBB0082738D /* main.m in Sources */,
			);
			runOnlyForDeploymentPostprocessing = 0;
		};
/* End PBXSourcesBuildPhase section */

/* Begin PBXVariantGroup section */
		659713AC1D2F7EBB0082738D /* Main.storyboard */ = {
			isa = PBXVariantGroup;
			children = (
				659713AD1D2F7EBB0082738D /* Base */,
			);
			name = Main.storyboard;
			sourceTree = "<group>";
		};
		659713B11D2F7EBB0082738D /* LaunchScreen.storyboard */ = {
			isa = PBXVariantGroup;
			children = (
				659713B21D2F7EBB0082738D /* Base */,
			);
			name = LaunchScreen.storyboard;
			sourceTree = "<group>";
		};
/* End PBXVariantGroup section */

/* Begin XCBuildConfiguration section */
		659713B51D2F7EBB0082738D /* Debug */ = {
			isa = XCBuildConfiguration;
			buildSettings = {
				ALWAYS_SEARCH_USER_PATHS = NO;
				CLANG_ANALYZER_NONNULL = YES;
				CLANG_CXX_LANGUAGE_STANDARD = "gnu++0x";
				CLANG_CXX_LIBRARY = "libc++";
				CLANG_ENABLE_MODULES = YES;
				CLANG_ENABLE_OBJC_ARC = YES;
				CLANG_WARN_BOOL_CONVERSION = YES;
				CLANG_WARN_CONSTANT_CONVERSION = YES;
				CLANG_WARN_DIRECT_OBJC_ISA_USAGE = YES_ERROR;
				CLANG_WARN_EMPTY_BODY = YES;
				CLANG_WARN_ENUM_CONVERSION = YES;
				CLANG_WARN_INT_CONVERSION = YES;
				CLANG_WARN_OBJC_ROOT_CLASS = YES_ERROR;
				CLANG_WARN_UNREACHABLE_CODE = YES;
				CLANG_WARN__DUPLICATE_METHOD_MATCH = YES;
				"CODE_SIGN_IDENTITY[sdk=iphoneos*]" = "iPhone Developer";
				COPY_PHASE_STRIP = NO;
				DEBUG_INFORMATION_FORMAT = dwarf;
				ENABLE_STRICT_OBJC_MSGSEND = YES;
				ENABLE_TESTABILITY = YES;
				GCC_C_LANGUAGE_STANDARD = gnu99;
				GCC_DYNAMIC_NO_PIC = NO;
				GCC_NO_COMMON_BLOCKS = YES;
				GCC_OPTIMIZATION_LEVEL = 0;
				GCC_PREPROCESSOR_DEFINITIONS = (
					"DEBUG=1",
					"$(inherited)",
				);
				GCC_WARN_64_TO_32_BIT_CONVERSION = YES;
				GCC_WARN_ABOUT_RETURN_TYPE = YES_ERROR;
				GCC_WARN_UNDECLARED_SELECTOR = YES;
				GCC_WARN_UNINITIALIZED_AUTOS = YES_AGGRESSIVE;
				GCC_WARN_UNUSED_FUNCTION = YES;
				GCC_WARN_UNUSED_VARIABLE = YES;
				IPHONEOS_DEPLOYMENT_TARGET = 9.3;
				MTL_ENABLE_DEBUG_INFO = YES;
				ONLY_ACTIVE_ARCH = YES;
				SDKROOT = iphoneos;
				TARGETED_DEVICE_FAMILY = "1,2";
			};
			name = Debug;
		};
		659713B61D2F7EBB0082738D /* Release */ = {
			isa = XCBuildConfiguration;
			buildSettings = {
				ALWAYS_SEARCH_USER_PATHS = NO;
				CLANG_ANALYZER_NONNULL = YES;
				CLANG_CXX_LANGUAGE_STANDARD = "gnu++0x";
				CLANG_CXX_LIBRARY = "libc++";
				CLANG_ENABLE_MODULES = YES;
				CLANG_ENABLE_OBJC_ARC = YES;
				CLANG_WARN_BOOL_CONVERSION = YES;
				CLANG_WARN_CONSTANT_CONVERSION = YES;
				CLANG_WARN_DIRECT_OBJC_ISA_USAGE = YES_ERROR;
				CLANG_WARN_EMPTY_BODY = YES;
				CLANG_WARN_ENUM_CONVERSION = YES;
				CLANG_WARN_INT_CONVERSION = YES;
				CLANG_WARN_OBJC_ROOT_CLASS = YES_ERROR;
				CLANG_WARN_UNREACHABLE_CODE = YES;
				CLANG_WARN__DUPLICATE_METHOD_MATCH = YES;
				"CODE_SIGN_IDENTITY[sdk=iphoneos*]" = "iPhone Developer";
				COPY_PHASE_STRIP = NO;
				DEBUG_INFORMATION_FORMAT = "dwarf-with-dsym";
				ENABLE_NS_ASSERTIONS = NO;
				ENABLE_STRICT_OBJC_MSGSEND = YES;
				GCC_C_LANGUAGE_STANDARD = gnu99;
				GCC_NO_COMMON_BLOCKS = YES;
				GCC_WARN_64_TO_32_BIT_CONVERSION = YES;
				GCC_WARN_ABOUT_RETURN_TYPE = YES_ERROR;
				GCC_WARN_UNDECLARED_SELECTOR = YES;
				GCC_WARN_UNINITIALIZED_AUTOS = YES_AGGRESSIVE;
				GCC_WARN_UNUSED_FUNCTION = YES;
				GCC_WARN_UNUSED_VARIABLE = YES;
				IPHONEOS_DEPLOYMENT_TARGET = 9.3;
				MTL_ENABLE_DEBUG_INFO = NO;
				SDKROOT = iphoneos;
				TARGETED_DEVICE_FAMILY = "1,2";
				VALIDATE_PRODUCT = YES;
			};
			name = Release;
		};
		659713B81D2F7EBB0082738D /* Debug */ = {
			isa = XCBuildConfiguration;
			baseConfigurationReference = 94CF0C247D8F9C607A61B055 /* Pods-testKeyChain.debug.xcconfig */;
			buildSettings = {
				ASSETCATALOG_COMPILER_APPICON_NAME = AppIcon;
				CODE_SIGN_ENTITLEMENTS = testKeyChain/testKeyChain.entitlements;
				INFOPLIST_FILE = testKeyChain/Info.plist;
				LD_RUNPATH_SEARCH_PATHS = "$(inherited) @executable_path/Frameworks";
				PRODUCT_BUNDLE_IDENTIFIER = com.inten.testKeyChain;
				PRODUCT_NAME = "$(TARGET_NAME)";
			};
			name = Debug;
		};
		659713B91D2F7EBB0082738D /* Release */ = {
			isa = XCBuildConfiguration;
			baseConfigurationReference = 0AECC82189D2196CD82E810A /* Pods-testKeyChain.release.xcconfig */;
			buildSettings = {
				ASSETCATALOG_COMPILER_APPICON_NAME = AppIcon;
				CODE_SIGN_ENTITLEMENTS = testKeyChain/testKeyChain.entitlements;
				INFOPLIST_FILE = testKeyChain/Info.plist;
				LD_RUNPATH_SEARCH_PATHS = "$(inherited) @executable_path/Frameworks";
				PRODUCT_BUNDLE_IDENTIFIER = com.inten.testKeyChain;
				PRODUCT_NAME = "$(TARGET_NAME)";
			};
			name = Release;
		};
/* End XCBuildConfiguration section */

/* Begin XCConfigurationList section */
		6597139B1D2F7EBB0082738D /* Build configuration list for PBXProject "testKeyChain" */ = {
			isa = XCConfigurationList;
			buildConfigurations = (
				659713B51D2F7EBB0082738D /* Debug */,
				659713B61D2F7EBB0082738D /* Release */,
			);
			defaultConfigurationIsVisible = 0;
			defaultConfigurationName = Release;
		};
		659713B71D2F7EBB0082738D /* Build configuration list for PBXNativeTarget "testKeyChain" */ = {
			isa = XCConfigurationList;
			buildConfigurations = (
				659713B81D2F7EBB0082738D /* Debug */,
				659713B91D2F7EBB0082738D /* Release */,
			);
			defaultConfigurationIsVisible = 0;
			defaultConfigurationName = Release;
		};
/* End XCConfigurationList section */
	};
	rootObject = 659713981D2F7EBB0082738D /* Project object */;
}
